
Microsoft Visual Studio Solution File, Format Version 12.00
# Visual Studio Version 17
VisualStudioVersion = 17.14.36301.6
MinimumVisualStudioVersion = 10.0.40219.1
Project("{54A90642-561A-4BB1-A94E-469ADEE60C69}") = "web", "web\web.esproj", "{7D128133-D57F-C939-CFF4-334A9B8DF362}"
EndProject
Global
	GlobalSection(SolutionConfigurationPlatforms) = preSolution
		Debug|Any CPU = Debug|Any CPU
		Release|Any CPU = Release|Any CPU
	EndGlobalSection
	GlobalSection(ProjectConfigurationPlatforms) = postSolution
		{7D128133-D57F-C939-CFF4-334A9B8DF362}.Debug|Any CPU.ActiveCfg = Debug|Any CPU
		{7D128133-D57F-C939-CFF4-334A9B8DF362}.Debug|Any CPU.Build.0 = Debug|Any CPU
		{7D128133-D57F-C939-CFF4-334A9B8DF362}.Debug|Any CPU.Deploy.0 = Debug|Any CPU
		{7D128133-D57F-C939-CFF4-334A9B8DF362}.Release|Any CPU.ActiveCfg = Release|Any CPU
		{7D128133-D57F-C939-CFF4-334A9B8DF362}.Release|Any CPU.Build.0 = Release|Any CPU
		{7D128133-D57F-C939-CFF4-334A9B8DF362}.Release|Any CPU.Deploy.0 = Release|Any CPU
	EndGlobalSection
	GlobalSection(SolutionProperties) = preSolution
		HideSolutionNode = FALSE
	EndGlobalSection
	GlobalSection(ExtensibilityGlobals) = postSolution
		SolutionGuid = {2C678187-379F-492D-83E9-063177996579}
	EndGlobalSection
EndGlobal
